
Microsoft Visual Studio Solution File, Format Version 12.00
# Visual Studio 14
VisualStudioVersion = 14.0.25420.1
MinimumVisualStudioVersion = 10.0.40219.1
Project("{FAE04EC0-301F-11D3-BF4B-00C04F79EFBC}") = "Fido", "Fido\Fido.csproj", "{3FF16F10-2C73-44CB-A444-DD5C4782D7D4}"
EndProject
Project("{FAE04EC0-301F-11D3-BF4B-00C04F79EFBC}") = "Fido.Uaf.Shared", "Fido.Uaf.Shared\Fido.Uaf.Shared.csproj", "{820142E8-C1C6-441D-9E00-A28925679685}"
EndProject
Project("{FAE04EC0-301F-11D3-BF4B-00C04F79EFBC}") = "UwpUaf.Authenticator", "UwpUaf.Authenticator\UwpUaf.Authenticator.csproj", "{A61A04B0-AB05-4522-B50F-ADB03CC6630C}"
EndProject
Project("{FAE04EC0-301F-11D3-BF4B-00C04F79EFBC}") = "UwpUaf.Demo", "UwpUaf.Demo\UwpUaf.Demo.csproj", "{8210C563-6F1E-496A-94D7-D66EE5185FED}"
EndProject
Project("{FAE04EC0-301F-11D3-BF4B-00C04F79EFBC}") = "UwpUaf.Client", "UwpUaf.Client\UwpUaf.Client.csproj", "{B54D8C22-E4D9-4DF0-980A-07A271048116}"
EndProject
Project("{FAE04EC0-301F-11D3-BF4B-00C04F79EFBC}") = "Fido.Uaf.Shared.Tests", "Fido.Uaf.Shared.Tests\Fido.Uaf.Shared.Tests.csproj", "{88AA5D11-8F5E-4303-8AE5-7C37B5E2D07D}"
EndProject
Project("{FAE04EC0-301F-11D3-BF4B-00C04F79EFBC}") = "UwpUaf.Client.Tests", "UwpUaf.Client.Tests\UwpUaf.Client.Tests.csproj", "{A4029812-AF97-4154-8F57-700ECA3DF9B3}"
EndProject
Project("{FAE04EC0-301F-11D3-BF4B-00C04F79EFBC}") = "UwpUaf.Asm.Api", "UwpUaf.Asm.Api\UwpUaf.Asm.Api.csproj", "{0E1FCCA0-B6EC-4190-BAF4-FC3EAAA44A0F}"
EndProject
Project("{FAE04EC0-301F-11D3-BF4B-00C04F79EFBC}") = "UwpUaf.Client.Api", "UwpUaf.Client.Api\UwpUaf.Client.Api.csproj", "{D2740A0A-9736-45BC-954D-13158A2CAFB9}"
EndProject
Project("{FAE04EC0-301F-11D3-BF4B-00C04F79EFBC}") = "UwpUaf.Client.RtC", "UwpUaf.Client.RtC\UwpUaf.Client.RtC.csproj", "{BA5CB959-0440-4EC9-AE2D-251E564F5898}"
EndProject
Project("{FAE04EC0-301F-11D3-BF4B-00C04F79EFBC}") = "UwpUaf.Client.Shared", "UwpUaf.Client.Shared\UwpUaf.Client.Shared.csproj", "{D8607CAD-14BC-4771-9499-448712F23422}"
EndProject
Project("{FAE04EC0-301F-11D3-BF4B-00C04F79EFBC}") = "UwpUaf.Client.Demo", "UwpUaf.Client.Demo\UwpUaf.Client.Demo.csproj", "{B214DA47-3246-424C-8BBE-1E2BBB583B90}"
EndProject
Project("{FAE04EC0-301F-11D3-BF4B-00C04F79EFBC}") = "UwpUaf.Asm.Demo", "UwpUaf.Asm.Demo\UwpUaf.Asm.Demo.csproj", "{B7135CAE-4B6B-439E-B899-112159A9D4F9}"
EndProject
Project("{FAE04EC0-301F-11D3-BF4B-00C04F79EFBC}") = "UwpUaf.Asm.RtC", "UwpUaf.Asm.RtC\UwpUaf.Asm.RtC.csproj", "{6D125D79-2946-41F3-AAD3-F303C9EF34C4}"
EndProject
Project("{FAE04EC0-301F-11D3-BF4B-00C04F79EFBC}") = "UwpUaf.Asm.Shared", "UwpUaf.Asm.Shared\UwpUaf.Asm.Shared.csproj", "{B4B18167-61EE-4BF3-BCED-BBF324E9FF0B}"
EndProject
Global
	GlobalSection(SolutionConfigurationPlatforms) = preSolution
		Debug|Any CPU = Debug|Any CPU
		Debug|ARM = Debug|ARM
		Debug|x64 = Debug|x64
		Debug|x86 = Debug|x86
		Release|Any CPU = Release|Any CPU
		Release|ARM = Release|ARM
		Release|x64 = Release|x64
		Release|x86 = Release|x86
	EndGlobalSection
	GlobalSection(ProjectConfigurationPlatforms) = postSolution
		{3FF16F10-2C73-44CB-A444-DD5C4782D7D4}.Debug|Any CPU.ActiveCfg = Debug|x64
		{3FF16F10-2C73-44CB-A444-DD5C4782D7D4}.Debug|Any CPU.Build.0 = Debug|x64
		{3FF16F10-2C73-44CB-A444-DD5C4782D7D4}.Debug|ARM.ActiveCfg = Debug|ARM
		{3FF16F10-2C73-44CB-A444-DD5C4782D7D4}.Debug|ARM.Build.0 = Debug|ARM
		{3FF16F10-2C73-44CB-A444-DD5C4782D7D4}.Debug|ARM.Deploy.0 = Debug|ARM
		{3FF16F10-2C73-44CB-A444-DD5C4782D7D4}.Debug|x64.ActiveCfg = Debug|x64
		{3FF16F10-2C73-44CB-A444-DD5C4782D7D4}.Debug|x64.Build.0 = Debug|x64
		{3FF16F10-2C73-44CB-A444-DD5C4782D7D4}.Debug|x64.Deploy.0 = Debug|x64
		{3FF16F10-2C73-44CB-A444-DD5C4782D7D4}.Debug|x86.ActiveCfg = Debug|x86
		{3FF16F10-2C73-44CB-A444-DD5C4782D7D4}.Debug|x86.Build.0 = Debug|x86
		{3FF16F10-2C73-44CB-A444-DD5C4782D7D4}.Debug|x86.Deploy.0 = Debug|x86
		{3FF16F10-2C73-44CB-A444-DD5C4782D7D4}.Release|Any CPU.ActiveCfg = Release|x86
		{3FF16F10-2C73-44CB-A444-DD5C4782D7D4}.Release|ARM.ActiveCfg = Release|ARM
		{3FF16F10-2C73-44CB-A444-DD5C4782D7D4}.Release|ARM.Build.0 = Release|ARM
		{3FF16F10-2C73-44CB-A444-DD5C4782D7D4}.Release|ARM.Deploy.0 = Release|ARM
		{3FF16F10-2C73-44CB-A444-DD5C4782D7D4}.Release|x64.ActiveCfg = Release|x64
		{3FF16F10-2C73-44CB-A444-DD5C4782D7D4}.Release|x64.Build.0 = Release|x64
		{3FF16F10-2C73-44CB-A444-DD5C4782D7D4}.Release|x64.Deploy.0 = Release|x64
		{3FF16F10-2C73-44CB-A444-DD5C4782D7D4}.Release|x86.ActiveCfg = Release|x86
		{3FF16F10-2C73-44CB-A444-DD5C4782D7D4}.Release|x86.Build.0 = Release|x86
		{3FF16F10-2C73-44CB-A444-DD5C4782D7D4}.Release|x86.Deploy.0 = Release|x86
		{820142E8-C1C6-441D-9E00-A28925679685}.Debug|Any CPU.ActiveCfg = Debug|Any CPU
		{820142E8-C1C6-441D-9E00-A28925679685}.Debug|Any CPU.Build.0 = Debug|Any CPU
		{820142E8-C1C6-441D-9E00-A28925679685}.Debug|ARM.ActiveCfg = Debug|ARM
		{820142E8-C1C6-441D-9E00-A28925679685}.Debug|ARM.Build.0 = Debug|ARM
		{820142E8-C1C6-441D-9E00-A28925679685}.Debug|x64.ActiveCfg = Debug|x64
		{820142E8-C1C6-441D-9E00-A28925679685}.Debug|x64.Build.0 = Debug|x64
		{820142E8-C1C6-441D-9E00-A28925679685}.Debug|x86.ActiveCfg = Debug|x86
		{820142E8-C1C6-441D-9E00-A28925679685}.Debug|x86.Build.0 = Debug|x86
		{820142E8-C1C6-441D-9E00-A28925679685}.Release|Any CPU.ActiveCfg = Release|Any CPU
		{820142E8-C1C6-441D-9E00-A28925679685}.Release|Any CPU.Build.0 = Release|Any CPU
		{820142E8-C1C6-441D-9E00-A28925679685}.Release|ARM.ActiveCfg = Release|ARM
		{820142E8-C1C6-441D-9E00-A28925679685}.Release|ARM.Build.0 = Release|ARM
		{820142E8-C1C6-441D-9E00-A28925679685}.Release|x64.ActiveCfg = Release|x64
		{820142E8-C1C6-441D-9E00-A28925679685}.Release|x64.Build.0 = Release|x64
		{820142E8-C1C6-441D-9E00-A28925679685}.Release|x86.ActiveCfg = Release|x86
		{820142E8-C1C6-441D-9E00-A28925679685}.Release|x86.Build.0 = Release|x86
		{A61A04B0-AB05-4522-B50F-ADB03CC6630C}.Debug|Any CPU.ActiveCfg = Debug|Any CPU
		{A61A04B0-AB05-4522-B50F-ADB03CC6630C}.Debug|Any CPU.Build.0 = Debug|Any CPU
		{A61A04B0-AB05-4522-B50F-ADB03CC6630C}.Debug|ARM.ActiveCfg = Debug|ARM
		{A61A04B0-AB05-4522-B50F-ADB03CC6630C}.Debug|ARM.Build.0 = Debug|ARM
		{A61A04B0-AB05-4522-B50F-ADB03CC6630C}.Debug|x64.ActiveCfg = Debug|x64
		{A61A04B0-AB05-4522-B50F-ADB03CC6630C}.Debug|x64.Build.0 = Debug|x64
		{A61A04B0-AB05-4522-B50F-ADB03CC6630C}.Debug|x86.ActiveCfg = Debug|x86
		{A61A04B0-AB05-4522-B50F-ADB03CC6630C}.Debug|x86.Build.0 = Debug|x86
		{A61A04B0-AB05-4522-B50F-ADB03CC6630C}.Release|Any CPU.ActiveCfg = Release|Any CPU
		{A61A04B0-AB05-4522-B50F-ADB03CC6630C}.Release|Any CPU.Build.0 = Release|Any CPU
		{A61A04B0-AB05-4522-B50F-ADB03CC6630C}.Release|ARM.ActiveCfg = Release|ARM
		{A61A04B0-AB05-4522-B50F-ADB03CC6630C}.Release|ARM.Build.0 = Release|ARM
		{A61A04B0-AB05-4522-B50F-ADB03CC6630C}.Release|x64.ActiveCfg = Release|x64
		{A61A04B0-AB05-4522-B50F-ADB03CC6630C}.Release|x64.Build.0 = Release|x64
		{A61A04B0-AB05-4522-B50F-ADB03CC6630C}.Release|x86.ActiveCfg = Release|x86
		{A61A04B0-AB05-4522-B50F-ADB03CC6630C}.Release|x86.Build.0 = Release|x86
		{8210C563-6F1E-496A-94D7-D66EE5185FED}.Debug|Any CPU.ActiveCfg = Debug|x64
		{8210C563-6F1E-496A-94D7-D66EE5185FED}.Debug|Any CPU.Build.0 = Debug|x64
		{8210C563-6F1E-496A-94D7-D66EE5185FED}.Debug|ARM.ActiveCfg = Debug|ARM
		{8210C563-6F1E-496A-94D7-D66EE5185FED}.Debug|ARM.Build.0 = Debug|ARM
		{8210C563-6F1E-496A-94D7-D66EE5185FED}.Debug|ARM.Deploy.0 = Debug|ARM
		{8210C563-6F1E-496A-94D7-D66EE5185FED}.Debug|x64.ActiveCfg = Debug|x64
		{8210C563-6F1E-496A-94D7-D66EE5185FED}.Debug|x64.Build.0 = Debug|x64
		{8210C563-6F1E-496A-94D7-D66EE5185FED}.Debug|x64.Deploy.0 = Debug|x64
		{8210C563-6F1E-496A-94D7-D66EE5185FED}.Debug|x86.ActiveCfg = Debug|x86
		{8210C563-6F1E-496A-94D7-D66EE5185FED}.Debug|x86.Build.0 = Debug|x86
		{8210C563-6F1E-496A-94D7-D66EE5185FED}.Debug|x86.Deploy.0 = Debug|x86
		{8210C563-6F1E-496A-94D7-D66EE5185FED}.Release|Any CPU.ActiveCfg = Release|x86
		{8210C563-6F1E-496A-94D7-D66EE5185FED}.Release|ARM.ActiveCfg = Release|ARM
		{8210C563-6F1E-496A-94D7-D66EE5185FED}.Release|ARM.Build.0 = Release|ARM
		{8210C563-6F1E-496A-94D7-D66EE5185FED}.Release|ARM.Deploy.0 = Release|ARM
		{8210C563-6F1E-496A-94D7-D66EE5185FED}.Release|x64.ActiveCfg = Release|x64
		{8210C563-6F1E-496A-94D7-D66EE5185FED}.Release|x64.Build.0 = Release|x64
		{8210C563-6F1E-496A-94D7-D66EE5185FED}.Release|x64.Deploy.0 = Release|x64
		{8210C563-6F1E-496A-94D7-D66EE5185FED}.Release|x86.ActiveCfg = Release|x86
		{8210C563-6F1E-496A-94D7-D66EE5185FED}.Release|x86.Build.0 = Release|x86
		{8210C563-6F1E-496A-94D7-D66EE5185FED}.Release|x86.Deploy.0 = Release|x86
		{B54D8C22-E4D9-4DF0-980A-07A271048116}.Debug|Any CPU.ActiveCfg = Debug|Any CPU
		{B54D8C22-E4D9-4DF0-980A-07A271048116}.Debug|Any CPU.Build.0 = Debug|Any CPU
		{B54D8C22-E4D9-4DF0-980A-07A271048116}.Debug|ARM.ActiveCfg = Debug|ARM
		{B54D8C22-E4D9-4DF0-980A-07A271048116}.Debug|ARM.Build.0 = Debug|ARM
		{B54D8C22-E4D9-4DF0-980A-07A271048116}.Debug|x64.ActiveCfg = Debug|x64
		{B54D8C22-E4D9-4DF0-980A-07A271048116}.Debug|x64.Build.0 = Debug|x64
		{B54D8C22-E4D9-4DF0-980A-07A271048116}.Debug|x86.ActiveCfg = Debug|x86
		{B54D8C22-E4D9-4DF0-980A-07A271048116}.Debug|x86.Build.0 = Debug|x86
		{B54D8C22-E4D9-4DF0-980A-07A271048116}.Release|Any CPU.ActiveCfg = Release|Any CPU
		{B54D8C22-E4D9-4DF0-980A-07A271048116}.Release|Any CPU.Build.0 = Release|Any CPU
		{B54D8C22-E4D9-4DF0-980A-07A271048116}.Release|ARM.ActiveCfg = Release|ARM
		{B54D8C22-E4D9-4DF0-980A-07A271048116}.Release|ARM.Build.0 = Release|ARM
		{B54D8C22-E4D9-4DF0-980A-07A271048116}.Release|x64.ActiveCfg = Release|x64
		{B54D8C22-E4D9-4DF0-980A-07A271048116}.Release|x64.Build.0 = Release|x64
		{B54D8C22-E4D9-4DF0-980A-07A271048116}.Release|x86.ActiveCfg = Release|x86
		{B54D8C22-E4D9-4DF0-980A-07A271048116}.Release|x86.Build.0 = Release|x86
		{88AA5D11-8F5E-4303-8AE5-7C37B5E2D07D}.Debug|Any CPU.ActiveCfg = Debug|x64
		{88AA5D11-8F5E-4303-8AE5-7C37B5E2D07D}.Debug|Any CPU.Build.0 = Debug|x64
		{88AA5D11-8F5E-4303-8AE5-7C37B5E2D07D}.Debug|ARM.ActiveCfg = Debug|ARM
		{88AA5D11-8F5E-4303-8AE5-7C37B5E2D07D}.Debug|ARM.Build.0 = Debug|ARM
		{88AA5D11-8F5E-4303-8AE5-7C37B5E2D07D}.Debug|ARM.Deploy.0 = Debug|ARM
		{88AA5D11-8F5E-4303-8AE5-7C37B5E2D07D}.Debug|x64.ActiveCfg = Debug|x64
		{88AA5D11-8F5E-4303-8AE5-7C37B5E2D07D}.Debug|x64.Build.0 = Debug|x64
		{88AA5D11-8F5E-4303-8AE5-7C37B5E2D07D}.Debug|x64.Deploy.0 = Debug|x64
		{88AA5D11-8F5E-4303-8AE5-7C37B5E2D07D}.Debug|x86.ActiveCfg = Debug|x86
		{88AA5D11-8F5E-4303-8AE5-7C37B5E2D07D}.Debug|x86.Build.0 = Debug|x86
		{88AA5D11-8F5E-4303-8AE5-7C37B5E2D07D}.Debug|x86.Deploy.0 = Debug|x86
		{88AA5D11-8F5E-4303-8AE5-7C37B5E2D07D}.Release|Any CPU.ActiveCfg = Release|x86
		{88AA5D11-8F5E-4303-8AE5-7C37B5E2D07D}.Release|ARM.ActiveCfg = Release|ARM
		{88AA5D11-8F5E-4303-8AE5-7C37B5E2D07D}.Release|ARM.Build.0 = Release|ARM
		{88AA5D11-8F5E-4303-8AE5-7C37B5E2D07D}.Release|ARM.Deploy.0 = Release|ARM
		{88AA5D11-8F5E-4303-8AE5-7C37B5E2D07D}.Release|x64.ActiveCfg = Release|x64
		{88AA5D11-8F5E-4303-8AE5-7C37B5E2D07D}.Release|x64.Build.0 = Release|x64
		{88AA5D11-8F5E-4303-8AE5-7C37B5E2D07D}.Release|x64.Deploy.0 = Release|x64
		{88AA5D11-8F5E-4303-8AE5-7C37B5E2D07D}.Release|x86.ActiveCfg = Release|x86
		{88AA5D11-8F5E-4303-8AE5-7C37B5E2D07D}.Release|x86.Build.0 = Release|x86
		{88AA5D11-8F5E-4303-8AE5-7C37B5E2D07D}.Release|x86.Deploy.0 = Release|x86
		{A4029812-AF97-4154-8F57-700ECA3DF9B3}.Debug|Any CPU.ActiveCfg = Debug|x64
		{A4029812-AF97-4154-8F57-700ECA3DF9B3}.Debug|Any CPU.Build.0 = Debug|x64
		{A4029812-AF97-4154-8F57-700ECA3DF9B3}.Debug|ARM.ActiveCfg = Debug|ARM
		{A4029812-AF97-4154-8F57-700ECA3DF9B3}.Debug|ARM.Build.0 = Debug|ARM
		{A4029812-AF97-4154-8F57-700ECA3DF9B3}.Debug|ARM.Deploy.0 = Debug|ARM
		{A4029812-AF97-4154-8F57-700ECA3DF9B3}.Debug|x64.ActiveCfg = Debug|x64
		{A4029812-AF97-4154-8F57-700ECA3DF9B3}.Debug|x64.Build.0 = Debug|x64
		{A4029812-AF97-4154-8F57-700ECA3DF9B3}.Debug|x64.Deploy.0 = Debug|x64
		{A4029812-AF97-4154-8F57-700ECA3DF9B3}.Debug|x86.ActiveCfg = Debug|x86
		{A4029812-AF97-4154-8F57-700ECA3DF9B3}.Debug|x86.Build.0 = Debug|x86
		{A4029812-AF97-4154-8F57-700ECA3DF9B3}.Debug|x86.Deploy.0 = Debug|x86
		{A4029812-AF97-4154-8F57-700ECA3DF9B3}.Release|Any CPU.ActiveCfg = Release|x86
		{A4029812-AF97-4154-8F57-700ECA3DF9B3}.Release|ARM.ActiveCfg = Release|ARM
		{A4029812-AF97-4154-8F57-700ECA3DF9B3}.Release|ARM.Build.0 = Release|ARM
		{A4029812-AF97-4154-8F57-700ECA3DF9B3}.Release|ARM.Deploy.0 = Release|ARM
		{A4029812-AF97-4154-8F57-700ECA3DF9B3}.Release|x64.ActiveCfg = Release|x64
		{A4029812-AF97-4154-8F57-700ECA3DF9B3}.Release|x64.Build.0 = Release|x64
		{A4029812-AF97-4154-8F57-700ECA3DF9B3}.Release|x64.Deploy.0 = Release|x64
		{A4029812-AF97-4154-8F57-700ECA3DF9B3}.Release|x86.ActiveCfg = Release|x86
		{A4029812-AF97-4154-8F57-700ECA3DF9B3}.Release|x86.Build.0 = Release|x86
		{A4029812-AF97-4154-8F57-700ECA3DF9B3}.Release|x86.Deploy.0 = Release|x86
		{0E1FCCA0-B6EC-4190-BAF4-FC3EAAA44A0F}.Debug|Any CPU.ActiveCfg = Debug|Any CPU
		{0E1FCCA0-B6EC-4190-BAF4-FC3EAAA44A0F}.Debug|Any CPU.Build.0 = Debug|Any CPU
		{0E1FCCA0-B6EC-4190-BAF4-FC3EAAA44A0F}.Debug|ARM.ActiveCfg = Debug|ARM
		{0E1FCCA0-B6EC-4190-BAF4-FC3EAAA44A0F}.Debug|ARM.Build.0 = Debug|ARM
		{0E1FCCA0-B6EC-4190-BAF4-FC3EAAA44A0F}.Debug|x64.ActiveCfg = Debug|x64
		{0E1FCCA0-B6EC-4190-BAF4-FC3EAAA44A0F}.Debug|x64.Build.0 = Debug|x64
		{0E1FCCA0-B6EC-4190-BAF4-FC3EAAA44A0F}.Debug|x86.ActiveCfg = Debug|x86
		{0E1FCCA0-B6EC-4190-BAF4-FC3EAAA44A0F}.Debug|x86.Build.0 = Debug|x86
		{0E1FCCA0-B6EC-4190-BAF4-FC3EAAA44A0F}.Release|Any CPU.ActiveCfg = Release|Any CPU
		{0E1FCCA0-B6EC-4190-BAF4-FC3EAAA44A0F}.Release|Any CPU.Build.0 = Release|Any CPU
		{0E1FCCA0-B6EC-4190-BAF4-FC3EAAA44A0F}.Release|ARM.ActiveCfg = Release|ARM
		{0E1FCCA0-B6EC-4190-BAF4-FC3EAAA44A0F}.Release|ARM.Build.0 = Release|ARM
		{0E1FCCA0-B6EC-4190-BAF4-FC3EAAA44A0F}.Release|x64.ActiveCfg = Release|x64
		{0E1FCCA0-B6EC-4190-BAF4-FC3EAAA44A0F}.Release|x64.Build.0 = Release|x64
		{0E1FCCA0-B6EC-4190-BAF4-FC3EAAA44A0F}.Release|x86.ActiveCfg = Release|x86
		{0E1FCCA0-B6EC-4190-BAF4-FC3EAAA44A0F}.Release|x86.Build.0 = Release|x86
		{D2740A0A-9736-45BC-954D-13158A2CAFB9}.Debug|Any CPU.ActiveCfg = Debug|Any CPU
		{D2740A0A-9736-45BC-954D-13158A2CAFB9}.Debug|Any CPU.Build.0 = Debug|Any CPU
		{D2740A0A-9736-45BC-954D-13158A2CAFB9}.Debug|ARM.ActiveCfg = Debug|ARM
		{D2740A0A-9736-45BC-954D-13158A2CAFB9}.Debug|ARM.Build.0 = Debug|ARM
		{D2740A0A-9736-45BC-954D-13158A2CAFB9}.Debug|x64.ActiveCfg = Debug|x64
		{D2740A0A-9736-45BC-954D-13158A2CAFB9}.Debug|x64.Build.0 = Debug|x64
		{D2740A0A-9736-45BC-954D-13158A2CAFB9}.Debug|x86.ActiveCfg = Debug|x86
		{D2740A0A-9736-45BC-954D-13158A2CAFB9}.Debug|x86.Build.0 = Debug|x86
		{D2740A0A-9736-45BC-954D-13158A2CAFB9}.Release|Any CPU.ActiveCfg = Release|Any CPU
		{D2740A0A-9736-45BC-954D-13158A2CAFB9}.Release|Any CPU.Build.0 = Release|Any CPU
		{D2740A0A-9736-45BC-954D-13158A2CAFB9}.Release|ARM.ActiveCfg = Release|ARM
		{D2740A0A-9736-45BC-954D-13158A2CAFB9}.Release|ARM.Build.0 = Release|ARM
		{D2740A0A-9736-45BC-954D-13158A2CAFB9}.Release|x64.ActiveCfg = Release|x64
		{D2740A0A-9736-45BC-954D-13158A2CAFB9}.Release|x64.Build.0 = Release|x64
		{D2740A0A-9736-45BC-954D-13158A2CAFB9}.Release|x86.ActiveCfg = Release|x86
		{D2740A0A-9736-45BC-954D-13158A2CAFB9}.Release|x86.Build.0 = Release|x86
		{BA5CB959-0440-4EC9-AE2D-251E564F5898}.Debug|Any CPU.ActiveCfg = Debug|Any CPU
		{BA5CB959-0440-4EC9-AE2D-251E564F5898}.Debug|Any CPU.Build.0 = Debug|Any CPU
		{BA5CB959-0440-4EC9-AE2D-251E564F5898}.Debug|ARM.ActiveCfg = Debug|ARM
		{BA5CB959-0440-4EC9-AE2D-251E564F5898}.Debug|ARM.Build.0 = Debug|ARM
		{BA5CB959-0440-4EC9-AE2D-251E564F5898}.Debug|x64.ActiveCfg = Debug|x64
		{BA5CB959-0440-4EC9-AE2D-251E564F5898}.Debug|x64.Build.0 = Debug|x64
		{BA5CB959-0440-4EC9-AE2D-251E564F5898}.Debug|x86.ActiveCfg = Debug|x86
		{BA5CB959-0440-4EC9-AE2D-251E564F5898}.Debug|x86.Build.0 = Debug|x86
		{BA5CB959-0440-4EC9-AE2D-251E564F5898}.Release|Any CPU.ActiveCfg = Release|Any CPU
		{BA5CB959-0440-4EC9-AE2D-251E564F5898}.Release|Any CPU.Build.0 = Release|Any CPU
		{BA5CB959-0440-4EC9-AE2D-251E564F5898}.Release|ARM.ActiveCfg = Release|ARM
		{BA5CB959-0440-4EC9-AE2D-251E564F5898}.Release|ARM.Build.0 = Release|ARM
		{BA5CB959-0440-4EC9-AE2D-251E564F5898}.Release|x64.ActiveCfg = Release|x64
		{BA5CB959-0440-4EC9-AE2D-251E564F5898}.Release|x64.Build.0 = Release|x64
		{BA5CB959-0440-4EC9-AE2D-251E564F5898}.Release|x86.ActiveCfg = Release|x86
		{BA5CB959-0440-4EC9-AE2D-251E564F5898}.Release|x86.Build.0 = Release|x86
		{D8607CAD-14BC-4771-9499-448712F23422}.Debug|Any CPU.ActiveCfg = Debug|Any CPU
		{D8607CAD-14BC-4771-9499-448712F23422}.Debug|Any CPU.Build.0 = Debug|Any CPU
		{D8607CAD-14BC-4771-9499-448712F23422}.Debug|ARM.ActiveCfg = Debug|ARM
		{D8607CAD-14BC-4771-9499-448712F23422}.Debug|ARM.Build.0 = Debug|ARM
		{D8607CAD-14BC-4771-9499-448712F23422}.Debug|x64.ActiveCfg = Debug|x64
		{D8607CAD-14BC-4771-9499-448712F23422}.Debug|x64.Build.0 = Debug|x64
		{D8607CAD-14BC-4771-9499-448712F23422}.Debug|x86.ActiveCfg = Debug|x86
		{D8607CAD-14BC-4771-9499-448712F23422}.Debug|x86.Build.0 = Debug|x86
		{D8607CAD-14BC-4771-9499-448712F23422}.Release|Any CPU.ActiveCfg = Release|Any CPU
		{D8607CAD-14BC-4771-9499-448712F23422}.Release|Any CPU.Build.0 = Release|Any CPU
		{D8607CAD-14BC-4771-9499-448712F23422}.Release|ARM.ActiveCfg = Release|ARM
		{D8607CAD-14BC-4771-9499-448712F23422}.Release|ARM.Build.0 = Release|ARM
		{D8607CAD-14BC-4771-9499-448712F23422}.Release|x64.ActiveCfg = Release|x64
		{D8607CAD-14BC-4771-9499-448712F23422}.Release|x64.Build.0 = Release|x64
		{D8607CAD-14BC-4771-9499-448712F23422}.Release|x86.ActiveCfg = Release|x86
		{D8607CAD-14BC-4771-9499-448712F23422}.Release|x86.Build.0 = Release|x86
		{B214DA47-3246-424C-8BBE-1E2BBB583B90}.Debug|Any CPU.ActiveCfg = Debug|x86
		{B214DA47-3246-424C-8BBE-1E2BBB583B90}.Debug|ARM.ActiveCfg = Debug|ARM
		{B214DA47-3246-424C-8BBE-1E2BBB583B90}.Debug|ARM.Build.0 = Debug|ARM
		{B214DA47-3246-424C-8BBE-1E2BBB583B90}.Debug|ARM.Deploy.0 = Debug|ARM
		{B214DA47-3246-424C-8BBE-1E2BBB583B90}.Debug|x64.ActiveCfg = Debug|x64
		{B214DA47-3246-424C-8BBE-1E2BBB583B90}.Debug|x64.Build.0 = Debug|x64
		{B214DA47-3246-424C-8BBE-1E2BBB583B90}.Debug|x64.Deploy.0 = Debug|x64
		{B214DA47-3246-424C-8BBE-1E2BBB583B90}.Debug|x86.ActiveCfg = Debug|x86
		{B214DA47-3246-424C-8BBE-1E2BBB583B90}.Debug|x86.Build.0 = Debug|x86
		{B214DA47-3246-424C-8BBE-1E2BBB583B90}.Debug|x86.Deploy.0 = Debug|x86
		{B214DA47-3246-424C-8BBE-1E2BBB583B90}.Release|Any CPU.ActiveCfg = Release|x86
		{B214DA47-3246-424C-8BBE-1E2BBB583B90}.Release|ARM.ActiveCfg = Release|ARM
		{B214DA47-3246-424C-8BBE-1E2BBB583B90}.Release|ARM.Build.0 = Release|ARM
		{B214DA47-3246-424C-8BBE-1E2BBB583B90}.Release|ARM.Deploy.0 = Release|ARM
		{B214DA47-3246-424C-8BBE-1E2BBB583B90}.Release|x64.ActiveCfg = Release|x64
		{B214DA47-3246-424C-8BBE-1E2BBB583B90}.Release|x64.Build.0 = Release|x64
		{B214DA47-3246-424C-8BBE-1E2BBB583B90}.Release|x64.Deploy.0 = Release|x64
		{B214DA47-3246-424C-8BBE-1E2BBB583B90}.Release|x86.ActiveCfg = Release|x86
		{B214DA47-3246-424C-8BBE-1E2BBB583B90}.Release|x86.Build.0 = Release|x86
		{B214DA47-3246-424C-8BBE-1E2BBB583B90}.Release|x86.Deploy.0 = Release|x86
		{B7135CAE-4B6B-439E-B899-112159A9D4F9}.Debug|Any CPU.ActiveCfg = Debug|x86
		{B7135CAE-4B6B-439E-B899-112159A9D4F9}.Debug|ARM.ActiveCfg = Debug|ARM
		{B7135CAE-4B6B-439E-B899-112159A9D4F9}.Debug|ARM.Build.0 = Debug|ARM
		{B7135CAE-4B6B-439E-B899-112159A9D4F9}.Debug|ARM.Deploy.0 = Debug|ARM
		{B7135CAE-4B6B-439E-B899-112159A9D4F9}.Debug|x64.ActiveCfg = Debug|x64
		{B7135CAE-4B6B-439E-B899-112159A9D4F9}.Debug|x64.Build.0 = Debug|x64
		{B7135CAE-4B6B-439E-B899-112159A9D4F9}.Debug|x64.Deploy.0 = Debug|x64
		{B7135CAE-4B6B-439E-B899-112159A9D4F9}.Debug|x86.ActiveCfg = Debug|x86
		{B7135CAE-4B6B-439E-B899-112159A9D4F9}.Debug|x86.Build.0 = Debug|x86
		{B7135CAE-4B6B-439E-B899-112159A9D4F9}.Debug|x86.Deploy.0 = Debug|x86
		{B7135CAE-4B6B-439E-B899-112159A9D4F9}.Release|Any CPU.ActiveCfg = Release|x86
		{B7135CAE-4B6B-439E-B899-112159A9D4F9}.Release|ARM.ActiveCfg = Release|ARM
		{B7135CAE-4B6B-439E-B899-112159A9D4F9}.Release|ARM.Build.0 = Release|ARM
		{B7135CAE-4B6B-439E-B899-112159A9D4F9}.Release|ARM.Deploy.0 = Release|ARM
		{B7135CAE-4B6B-439E-B899-112159A9D4F9}.Release|x64.ActiveCfg = Release|x64
		{B7135CAE-4B6B-439E-B899-112159A9D4F9}.Release|x64.Build.0 = Release|x64
		{B7135CAE-4B6B-439E-B899-112159A9D4F9}.Release|x64.Deploy.0 = Release|x64
		{B7135CAE-4B6B-439E-B899-112159A9D4F9}.Release|x86.ActiveCfg = Release|x86
		{B7135CAE-4B6B-439E-B899-112159A9D4F9}.Release|x86.Build.0 = Release|x86
		{B7135CAE-4B6B-439E-B899-112159A9D4F9}.Release|x86.Deploy.0 = Release|x86
		{6D125D79-2946-41F3-AAD3-F303C9EF34C4}.Debug|Any CPU.ActiveCfg = Debug|Any CPU
		{6D125D79-2946-41F3-AAD3-F303C9EF34C4}.Debug|Any CPU.Build.0 = Debug|Any CPU
		{6D125D79-2946-41F3-AAD3-F303C9EF34C4}.Debug|ARM.ActiveCfg = Debug|ARM
		{6D125D79-2946-41F3-AAD3-F303C9EF34C4}.Debug|ARM.Build.0 = Debug|ARM
		{6D125D79-2946-41F3-AAD3-F303C9EF34C4}.Debug|x64.ActiveCfg = Debug|x64
		{6D125D79-2946-41F3-AAD3-F303C9EF34C4}.Debug|x64.Build.0 = Debug|x64
		{6D125D79-2946-41F3-AAD3-F303C9EF34C4}.Debug|x86.ActiveCfg = Debug|x86
		{6D125D79-2946-41F3-AAD3-F303C9EF34C4}.Debug|x86.Build.0 = Debug|x86
		{6D125D79-2946-41F3-AAD3-F303C9EF34C4}.Release|Any CPU.ActiveCfg = Release|Any CPU
		{6D125D79-2946-41F3-AAD3-F303C9EF34C4}.Release|Any CPU.Build.0 = Release|Any CPU
		{6D125D79-2946-41F3-AAD3-F303C9EF34C4}.Release|ARM.ActiveCfg = Release|ARM
		{6D125D79-2946-41F3-AAD3-F303C9EF34C4}.Release|ARM.Build.0 = Release|ARM
		{6D125D79-2946-41F3-AAD3-F303C9EF34C4}.Release|x64.ActiveCfg = Release|x64
		{6D125D79-2946-41F3-AAD3-F303C9EF34C4}.Release|x64.Build.0 = Release|x64
		{6D125D79-2946-41F3-AAD3-F303C9EF34C4}.Release|x86.ActiveCfg = Release|x86
		{6D125D79-2946-41F3-AAD3-F303C9EF34C4}.Release|x86.Build.0 = Release|x86
		{B4B18167-61EE-4BF3-BCED-BBF324E9FF0B}.Debug|Any CPU.ActiveCfg = Debug|Any CPU
		{B4B18167-61EE-4BF3-BCED-BBF324E9FF0B}.Debug|Any CPU.Build.0 = Debug|Any CPU
		{B4B18167-61EE-4BF3-BCED-BBF324E9FF0B}.Debug|ARM.ActiveCfg = Debug|ARM
		{B4B18167-61EE-4BF3-BCED-BBF324E9FF0B}.Debug|ARM.Build.0 = Debug|ARM
		{B4B18167-61EE-4BF3-BCED-BBF324E9FF0B}.Debug|x64.ActiveCfg = Debug|x64
		{B4B18167-61EE-4BF3-BCED-BBF324E9FF0B}.Debug|x64.Build.0 = Debug|x64
		{B4B18167-61EE-4BF3-BCED-BBF324E9FF0B}.Debug|x86.ActiveCfg = Debug|x86
		{B4B18167-61EE-4BF3-BCED-BBF324E9FF0B}.Debug|x86.Build.0 = Debug|x86
		{B4B18167-61EE-4BF3-BCED-BBF324E9FF0B}.Release|Any CPU.ActiveCfg = Release|Any CPU
		{B4B18167-61EE-4BF3-BCED-BBF324E9FF0B}.Release|Any CPU.Build.0 = Release|Any CPU
		{B4B18167-61EE-4BF3-BCED-BBF324E9FF0B}.Release|ARM.ActiveCfg = Release|ARM
		{B4B18167-61EE-4BF3-BCED-BBF324E9FF0B}.Release|ARM.Build.0 = Release|ARM
		{B4B18167-61EE-4BF3-BCED-BBF324E9FF0B}.Release|x64.ActiveCfg = Release|x64
		{B4B18167-61EE-4BF3-BCED-BBF324E9FF0B}.Release|x64.Build.0 = Release|x64
		{B4B18167-61EE-4BF3-BCED-BBF324E9FF0B}.Release|x86.ActiveCfg = Release|x86
		{B4B18167-61EE-4BF3-BCED-BBF324E9FF0B}.Release|x86.Build.0 = Release|x86
	EndGlobalSection
	GlobalSection(SolutionProperties) = preSolution
		HideSolutionNode = FALSE
	EndGlobalSection
EndGlobal
